// !$*UTF8*$!
{
	archiveVersion = 1;
	classes = {
	};
	objectVersion = 60;
	objects = {

/* Begin PBXBuildFile section */
		2FAD9763203C412B000D30F8 /* config.xml in Resources */ = {isa = PBXBuildFile; fileRef = 2FAD9762203C412B000D30F8 /* config.xml */; };
		4D22ABE92AF431CB00220026 /* CapApp-SPM in Frameworks */ = {isa = PBXBuildFile; productRef = 4D22ABE82AF431CB00220026 /* CapApp-SPM */; };
		50379B232058CBB4000EE86E /* capacitor.config.json in Resources */ = {isa = PBXBuildFile; fileRef = 50379B222058CBB4000EE86E /* capacitor.config.json */; };
		504EC3081FED79650016851F /* AppDelegate.swift in Sources */ = {isa = PBXBuildFile; fileRef = 504EC3071FED79650016851F /* AppDelegate.swift */; };
		504EC30D1FED79650016851F /* Main.storyboard in Resources */ = {isa = PBXBuildFile; fileRef = 504EC30B1FED79650016851F /* Main.storyboard */; };
		504EC30F1FED79650016851F /* Assets.xcassets in Resources */ = {isa = PBXBuildFile; fileRef = 504EC30E1FED79650016851F /* Assets.xcassets */; };
		504EC3121FED79650016851F /* LaunchScreen.storyboard in Resources */ = {isa = PBXBuildFile; fileRef = 504EC3101FED79650016851F /* LaunchScreen.storyboard */; };
		50B271D11FEDC1A000F3C39B /* public in Resources */ = {isa = PBXBuildFile; fileRef = 50B271D01FEDC1A000F3C39B /* public */; };
		9582B6832FE993A70072D4E8 /* SceneDelegate.swift in Sources */ = {isa = PBXBuildFile; fileRef = 9582B6822FE993A50072D4E8 /* SceneDelegate.swift */; };
		71DE86D72BA5D0844B37F5C4 /* StockageToken.swift in Sources */ = {isa = PBXBuildFile; fileRef = 482ECF0F8C6569441BA547DF /* StockageToken.swift */; };
		5AF0B6E772A9DA52EEA294EC /* ClovisApiClient.swift in Sources */ = {isa = PBXBuildFile; fileRef = E100D37070CDF015C637941C /* ClovisApiClient.swift */; };
		0F9A61F09285450368D690A4 /* ActionsAppareilExecuteur.swift in Sources */ = {isa = PBXBuildFile; fileRef = 0F72E003E059976E118B1E80 /* ActionsAppareilExecuteur.swift */; };
		26883A398AC42B04A92654A2 /* PontNatifPlugin.swift in Sources */ = {isa = PBXBuildFile; fileRef = 120C12FA2454C551249BC438 /* PontNatifPlugin.swift */; };
		74D0F957F76671D0F013E4E1 /* DossiersDesignesRepository.swift in Sources */ = {isa = PBXBuildFile; fileRef = FF9DF23394DCAD8559477C0E /* DossiersDesignesRepository.swift */; };
		DDE5D19B37686B4211F5FD9C /* DossiersPlugin.swift in Sources */ = {isa = PBXBuildFile; fileRef = 4B161AE6F05DE4F9F6FF268A /* DossiersPlugin.swift */; };
		A668D3E80F148CEC0367469A /* ControleSessionPlugin.swift in Sources */ = {isa = PBXBuildFile; fileRef = 131E2A1CDB5EF068167766D1 /* ControleSessionPlugin.swift */; };
		910C73A629072A591561159C /* ConnecteursPlugin.swift in Sources */ = {isa = PBXBuildFile; fileRef = AB3A1D8ED39FE0F58949D10E /* ConnecteursPlugin.swift */; };
		07D0CC68A988E3E7EE9B2029 /* NotificationsNatives.swift in Sources */ = {isa = PBXBuildFile; fileRef = DE8CABD7A6F406E8DA57BE55 /* NotificationsNatives.swift */; };
		F300E113D36D717D2E4FFB1D /* RappelsNatifs.swift in Sources */ = {isa = PBXBuildFile; fileRef = 86EFCD2B90BCE9F47626E222 /* RappelsNatifs.swift */; };
		2016C3A9712C6006B93E7CDB /* NotificationsPlugin.swift in Sources */ = {isa = PBXBuildFile; fileRef = F7AE67314A2AE92530608AD9 /* NotificationsPlugin.swift */; };
		4B2A8BAD4F1067D4BD46B08C /* PrivacyInfo.xcprivacy in Resources */ = {isa = PBXBuildFile; fileRef = 3E26E256105367E0539A5FC2 /* PrivacyInfo.xcprivacy */; };
/* End PBXBuildFile section */

/* Begin PBXFileReference section */
		2FAD9762203C412B000D30F8 /* config.xml */ = {isa = PBXFileReference; lastKnownFileType = text.xml; path = config.xml; sourceTree = "<group>"; };
		50379B222058CBB4000EE86E /* capacitor.config.json */ = {isa = PBXFileReference; fileEncoding = 4; lastKnownFileType = text.json; path = capacitor.config.json; sourceTree = "<group>"; };
		504EC3041FED79650016851F /* App.app */ = {isa = PBXFileReference; explicitFileType = wrapper.application; includeInIndex = 0; path = App.app; sourceTree = BUILT_PRODUCTS_DIR; };
		504EC3071FED79650016851F /* AppDelegate.swift */ = {isa = PBXFileReference; lastKnownFileType = sourcecode.swift; path = AppDelegate.swift; sourceTree = "<group>"; };
		504EC30C1FED79650016851F /* Base */ = {isa = PBXFileReference; lastKnownFileType = file.storyboard; name = Base; path = Base.lproj/Main.storyboard; sourceTree = "<group>"; };
		504EC30E1FED79650016851F /* Assets.xcassets */ = {isa = PBXFileReference; lastKnownFileType = folder.assetcatalog; path = Assets.xcassets; sourceTree = "<group>"; };
		504EC3111FED79650016851F /* Base */ = {isa = PBXFileReference; lastKnownFileType = file.storyboard; name = Base; path = Base.lproj/LaunchScreen.storyboard; sourceTree = "<group>"; };
		504EC3131FED79650016851F /* Info.plist */ = {isa = PBXFileReference; lastKnownFileType = text.plist.xml; path = Info.plist; sourceTree = "<group>"; };
		3E26E256105367E0539A5FC2 /* PrivacyInfo.xcprivacy */ = {isa = PBXFileReference; lastKnownFileType = text.plist.xml; path = PrivacyInfo.xcprivacy; sourceTree = "<group>"; };
		50B271D01FEDC1A000F3C39B /* public */ = {isa = PBXFileReference; lastKnownFileType = folder; path = public; sourceTree = "<group>"; };
		9582B6822FE993A50072D4E8 /* SceneDelegate.swift */ = {isa = PBXFileReference; lastKnownFileType = sourcecode.swift; path = SceneDelegate.swift; sourceTree = "<group>"; };
		958DCC722DB07C7200EA8C5F /* debug.xcconfig */ = {isa = PBXFileReference; lastKnownFileType = text.xcconfig; name = debug.xcconfig; path = ../debug.xcconfig; sourceTree = SOURCE_ROOT; };
		482ECF0F8C6569441BA547DF /* StockageToken.swift */ = {isa = PBXFileReference; lastKnownFileType = sourcecode.swift; path = StockageToken.swift; sourceTree = "<group>"; };
		E100D37070CDF015C637941C /* ClovisApiClient.swift */ = {isa = PBXFileReference; lastKnownFileType = sourcecode.swift; path = ClovisApiClient.swift; sourceTree = "<group>"; };
		0F72E003E059976E118B1E80 /* ActionsAppareilExecuteur.swift */ = {isa = PBXFileReference; lastKnownFileType = sourcecode.swift; path = ActionsAppareilExecuteur.swift; sourceTree = "<group>"; };
		120C12FA2454C551249BC438 /* PontNatifPlugin.swift */ = {isa = PBXFileReference; lastKnownFileType = sourcecode.swift; path = PontNatifPlugin.swift; sourceTree = "<group>"; };
		FF9DF23394DCAD8559477C0E /* DossiersDesignesRepository.swift */ = {isa = PBXFileReference; lastKnownFileType = sourcecode.swift; path = DossiersDesignesRepository.swift; sourceTree = "<group>"; };
		4B161AE6F05DE4F9F6FF268A /* DossiersPlugin.swift */ = {isa = PBXFileReference; lastKnownFileType = sourcecode.swift; path = DossiersPlugin.swift; sourceTree = "<group>"; };
		131E2A1CDB5EF068167766D1 /* ControleSessionPlugin.swift */ = {isa = PBXFileReference; lastKnownFileType = sourcecode.swift; path = ControleSessionPlugin.swift; sourceTree = "<group>"; };
		AB3A1D8ED39FE0F58949D10E /* ConnecteursPlugin.swift */ = {isa = PBXFileReference; lastKnownFileType = sourcecode.swift; path = ConnecteursPlugin.swift; sourceTree = "<group>"; };
		DE8CABD7A6F406E8DA57BE55 /* NotificationsNatives.swift */ = {isa = PBXFileReference; lastKnownFileType = sourcecode.swift; path = NotificationsNatives.swift; sourceTree = "<group>"; };
		86EFCD2B90BCE9F47626E222 /* RappelsNatifs.swift */ = {isa = PBXFileReference; lastKnownFileType = sourcecode.swift; path = RappelsNatifs.swift; sourceTree = "<group>"; };
		F7AE67314A2AE92530608AD9 /* NotificationsPlugin.swift */ = {isa = PBXFileReference; lastKnownFileType = sourcecode.swift; path = NotificationsPlugin.swift; sourceTree = "<group>"; };
		C40606A39CCBAFA8EEA342D9 /* App.entitlements */ = {isa = PBXFileReference; lastKnownFileType = text.plist.entitlements; path = App.entitlements; sourceTree = "<group>"; };
/* End PBXFileReference section */

/* Begin PBXFrameworksBuildPhase section */
		504EC3011FED79650016851F /* Frameworks */ = {
			isa = PBXFrameworksBuildPhase;
			buildActionMask = 2147483647;
			files = (
				4D22ABE92AF431CB00220026 /* CapApp-SPM in Frameworks */,
			);
			runOnlyForDeploymentPostprocessing = 0;
		};
/* End PBXFrameworksBuildPhase section */

/* Begin PBXGroup section */
		504EC2FB1FED79650016851F = {
			isa = PBXGroup;
			children = (
				958DCC722DB07C7200EA8C5F /* debug.xcconfig */,
				504EC3061FED79650016851F /* App */,
				504EC3051FED79650016851F /* Products */,
			);
			sourceTree = "<group>";
		};
		504EC3051FED79650016851F /* Products */ = {
			isa = PBXGroup;
			children = (
				504EC3041FED79650016851F /* App.app */,
			);
			name = Products;
			sourceTree = "<group>";
		};
		504EC3061FED79650016851F /* App */ = {
			isa = PBXGroup;
			children = (
				9582B6822FE993A50072D4E8 /* SceneDelegate.swift */,
				50379B222058CBB4000EE86E /* capacitor.config.json */,
				504EC3071FED79650016851F /* AppDelegate.swift */,
				504EC30B1FED79650016851F /* Main.storyboard */,
				504EC30E1FED79650016851F /* Assets.xcassets */,
				504EC3101FED79650016851F /* LaunchScreen.storyboard */,
				504EC3131FED79650016851F /* Info.plist */,
				3E26E256105367E0539A5FC2 /* PrivacyInfo.xcprivacy */,
				2FAD9762203C412B000D30F8 /* config.xml */,
				50B271D01FEDC1A000F3C39B /* public */,
				C40606A39CCBAFA8EEA342D9 /* App.entitlements */,
				063F4F6007F19936F697153B /* pont */,
				097A8281369B0788AC32EAC3 /* dossiers */,
				AE82B816B4B56A2ECE8C9877 /* controlesession */,
				E38830A906DCE0661A38663B /* connecteurs */,
				C2121E03D8790B0C74E9CCEF /* notifications */,
			);
			path = App;
			sourceTree = "<group>";
		};
		063F4F6007F19936F697153B /* pont */ = {
			isa = PBXGroup;
			children = (
				482ECF0F8C6569441BA547DF /* StockageToken.swift */,
				E100D37070CDF015C637941C /* ClovisApiClient.swift */,
				0F72E003E059976E118B1E80 /* ActionsAppareilExecuteur.swift */,
				120C12FA2454C551249BC438 /* PontNatifPlugin.swift */,
			);
			path = pont;
			sourceTree = "<group>";
		};
		097A8281369B0788AC32EAC3 /* dossiers */ = {
			isa = PBXGroup;
			children = (
				FF9DF23394DCAD8559477C0E /* DossiersDesignesRepository.swift */,
				4B161AE6F05DE4F9F6FF268A /* DossiersPlugin.swift */,
			);
			path = dossiers;
			sourceTree = "<group>";
		};
		AE82B816B4B56A2ECE8C9877 /* controlesession */ = {
			isa = PBXGroup;
			children = (
				131E2A1CDB5EF068167766D1 /* ControleSessionPlugin.swift */,
			);
			path = controlesession;
			sourceTree = "<group>";
		};
		E38830A906DCE0661A38663B /* connecteurs */ = {
			isa = PBXGroup;
			children = (
				AB3A1D8ED39FE0F58949D10E /* ConnecteursPlugin.swift */,
			);
			path = connecteurs;
			sourceTree = "<group>";
		};
		C2121E03D8790B0C74E9CCEF /* notifications */ = {
			isa = PBXGroup;
			children = (
				DE8CABD7A6F406E8DA57BE55 /* NotificationsNatives.swift */,
				86EFCD2B90BCE9F47626E222 /* RappelsNatifs.swift */,
				F7AE67314A2AE92530608AD9 /* NotificationsPlugin.swift */,
			);
			path = notifications;
			sourceTree = "<group>";
		};
/* End PBXGroup section */

/* Begin PBXNativeTarget section */
		504EC3031FED79650016851F /* App */ = {
			isa = PBXNativeTarget;
			buildConfigurationList = 504EC3161FED79650016851F /* Build configuration list for PBXNativeTarget "App" */;
			buildPhases = (
				504EC3001FED79650016851F /* Sources */,
				504EC3011FED79650016851F /* Frameworks */,
				504EC3021FED79650016851F /* Resources */,
			);
			buildRules = (
			);
			dependencies = (
			);
			name = App;
			packageProductDependencies = (
				4D22ABE82AF431CB00220026 /* CapApp-SPM */,
			);
			productName = App;
			productReference = 504EC3041FED79650016851F /* App.app */;
			productType = "com.apple.product-type.application";
		};
/* End PBXNativeTarget section */

/* Begin PBXProject section */
		504EC2FC1FED79650016851F /* Project object */ = {
			isa = PBXProject;
			attributes = {
				LastSwiftUpdateCheck = 0920;
				LastUpgradeCheck = 0920;
				TargetAttributes = {
					504EC3031FED79650016851F = {
						CreatedOnToolsVersion = 9.2;
						LastSwiftMigration = 1100;
						ProvisioningStyle = Automatic;
					};
				};
			};
			buildConfigurationList = 504EC2FF1FED79650016851F /* Build configuration list for PBXProject "App" */;
			compatibilityVersion = "Xcode 8.0";
			developmentRegion = en;
			hasScannedForEncodings = 0;
			knownRegions = (
				en,
				Base,
			);
			mainGroup = 504EC2FB1FED79650016851F;
			packageReferences = (
				D4C12C0A2AAA248700AAC8A2 /* XCLocalSwiftPackageReference "CapApp-SPM" */,
			);
			productRefGroup = 504EC3051FED79650016851F /* Products */;
			projectDirPath = "";
			projectRoot = "";
			targets = (
				504EC3031FED79650016851F /* App */,
			);
		};
/* End PBXProject section */

/* Begin PBXResourcesBuildPhase section */
		504EC3021FED79650016851F /* Resources */ = {
			isa = PBXResourcesBuildPhase;
			buildActionMask = 2147483647;
			files = (
				504EC3121FED79650016851F /* LaunchScreen.storyboard in Resources */,
				50B271D11FEDC1A000F3C39B /* public in Resources */,
				504EC30F1FED79650016851F /* Assets.xcassets in Resources */,
				50379B232058CBB4000EE86E /* capacitor.config.json in Resources */,
				504EC30D1FED79650016851F /* Main.storyboard in Resources */,
				2FAD9763203C412B000D30F8 /* config.xml in Resources */,
				4B2A8BAD4F1067D4BD46B08C /* PrivacyInfo.xcprivacy in Resources */,
			);
			runOnlyForDeploymentPostprocessing = 0;
		};
/* End PBXResourcesBuildPhase section */

/* Begin PBXSourcesBuildPhase section */
		504EC3001FED79650016851F /* Sources */ = {
			isa = PBXSourcesBuildPhase;
			buildActionMask = 2147483647;
			files = (
				504EC3081FED79650016851F /* AppDelegate.swift in Sources */,
				9582B6832FE993A70072D4E8 /* SceneDelegate.swift in Sources */,
				71DE86D72BA5D0844B37F5C4 /* StockageToken.swift in Sources */,
				5AF0B6E772A9DA52EEA294EC /* ClovisApiClient.swift in Sources */,
				0F9A61F09285450368D690A4 /* ActionsAppareilExecuteur.swift in Sources */,
				26883A398AC42B04A92654A2 /* PontNatifPlugin.swift in Sources */,
				74D0F957F76671D0F013E4E1 /* DossiersDesignesRepository.swift in Sources */,
				DDE5D19B37686B4211F5FD9C /* DossiersPlugin.swift in Sources */,
				A668D3E80F148CEC0367469A /* ControleSessionPlugin.swift in Sources */,
				910C73A629072A591561159C /* ConnecteursPlugin.swift in Sources */,
				07D0CC68A988E3E7EE9B2029 /* NotificationsNatives.swift in Sources */,
				F300E113D36D717D2E4FFB1D /* RappelsNatifs.swift in Sources */,
				2016C3A9712C6006B93E7CDB /* NotificationsPlugin.swift in Sources */,
			);
			runOnlyForDeploymentPostprocessing = 0;
		};
/* End PBXSourcesBuildPhase section */

/* Begin PBXVariantGroup section */
		504EC30B1FED79650016851F /* Main.storyboard */ = {
			isa = PBXVariantGroup;
			children = (
				504EC30C1FED79650016851F /* Base */,
			);
			name = Main.storyboard;
			sourceTree = "<group>";
		};
		504EC3101FED79650016851F /* LaunchScreen.storyboard */ = {
			isa = PBXVariantGroup;
			children = (
				504EC3111FED79650016851F /* Base */,
			);
			name = LaunchScreen.storyboard;
			sourceTree = "<group>";
		};
/* End PBXVariantGroup section */

/* Begin XCBuildConfiguration section */
		504EC3141FED79650016851F /* Debug */ = {
			isa = XCBuildConfiguration;
			baseConfigurationReference = 958DCC722DB07C7200EA8C5F /* debug.xcconfig */;
			buildSettings = {
				ALWAYS_SEARCH_USER_PATHS = NO;
				CLANG_ANALYZER_NONNULL = YES;
				CLANG_ANALYZER_NUMBER_OBJECT_CONVERSION = YES_AGGRESSIVE;
				CLANG_CXX_LANGUAGE_STANDARD = "gnu++14";
				CLANG_CXX_LIBRARY = "libc++";
				CLANG_ENABLE_MODULES = YES;
				CLANG_ENABLE_OBJC_ARC = YES;
				CLANG_WARN_BLOCK_CAPTURE_AUTORELEASING = YES;
				CLANG_WARN_BOOL_CONVERSION = YES;
				CLANG_WARN_COMMA = YES;
				CLANG_WARN_CONSTANT_CONVERSION = YES;
				CLANG_WARN_DIRECT_OBJC_ISA_USAGE = YES_ERROR;
				CLANG_WARN_DOCUMENTATION_COMMENTS = YES;
				CLANG_WARN_EMPTY_BODY = YES;
				CLANG_WARN_ENUM_CONVERSION = YES;
				CLANG_WARN_INFINITE_RECURSION = YES;
				CLANG_WARN_INT_CONVERSION = YES;
				CLANG_WARN_NON_LITERAL_NULL_CONVERSION = YES;
				CLANG_WARN_OBJC_LITERAL_CONVERSION = YES;
				CLANG_WARN_OBJC_ROOT_CLASS = YES_ERROR;
				CLANG_WARN_RANGE_LOOP_ANALYSIS = YES;
				CLANG_WARN_STRICT_PROTOTYPES = YES;
				CLANG_WARN_SUSPICIOUS_MOVE = YES;
				CLANG_WARN_UNGUARDED_AVAILABILITY = YES_AGGRESSIVE;
				CLANG_WARN_UNREACHABLE_CODE = YES;
				CLANG_WARN__DUPLICATE_METHOD_MATCH = YES;
				CODE_SIGN_IDENTITY = "iPhone Developer";
				COPY_PHASE_STRIP = NO;
				DEBUG_INFORMATION_FORMAT = dwarf;
				ENABLE_STRICT_OBJC_MSGSEND = YES;
				ENABLE_TESTABILITY = YES;
				GCC_C_LANGUAGE_STANDARD = gnu11;
				GCC_DYNAMIC_NO_PIC = NO;
				GCC_NO_COMMON_BLOCKS = YES;
				GCC_OPTIMIZATION_LEVEL = 0;
				GCC_PREPROCESSOR_DEFINITIONS = (
					"DEBUG=1",
					"$(inherited)",
				);
				GCC_WARN_64_TO_32_BIT_CONVERSION = YES;
				GCC_WARN_ABOUT_RETURN_TYPE = YES_ERROR;
				GCC_WARN_UNDECLARED_SELECTOR = YES;
				GCC_WARN_UNINITIALIZED_AUTOS = YES_AGGRESSIVE;
				GCC_WARN_UNUSED_FUNCTION = YES;
				GCC_WARN_UNUSED_VARIABLE = YES;
				IPHONEOS_DEPLOYMENT_TARGET = 15.0;
				MTL_ENABLE_DEBUG_INFO = YES;
				ONLY_ACTIVE_ARCH = YES;
				SDKROOT = iphoneos;
				SWIFT_ACTIVE_COMPILATION_CONDITIONS = DEBUG;
				SWIFT_OPTIMIZATION_LEVEL = "-Onone";
			};
			name = Debug;
		};
		504EC3151FED79650016851F /* Release */ = {
			isa = XCBuildConfiguration;
			buildSettings = {
				ALWAYS_SEARCH_USER_PATHS = NO;
				CLANG_ANALYZER_NONNULL = YES;
				CLANG_ANALYZER_NUMBER_OBJECT_CONVERSION = YES_AGGRESSIVE;
				CLANG_CXX_LANGUAGE_STANDARD = "gnu++14";
				CLANG_CXX_LIBRARY = "libc++";
				CLANG_ENABLE_MODULES = YES;
				CLANG_ENABLE_OBJC_ARC = YES;
				CLANG_WARN_BLOCK_CAPTURE_AUTORELEASING = YES;
				CLANG_WARN_BOOL_CONVERSION = YES;
				CLANG_WARN_COMMA = YES;
				CLANG_WARN_CONSTANT_CONVERSION = YES;
				CLANG_WARN_DIRECT_OBJC_ISA_USAGE = YES_ERROR;
				CLANG_WARN_DOCUMENTATION_COMMENTS = YES;
				CLANG_WARN_EMPTY_BODY = YES;
				CLANG_WARN_ENUM_CONVERSION = YES;
				CLANG_WARN_INFINITE_RECURSION = YES;
				CLANG_WARN_INT_CONVERSION = YES;
				CLANG_WARN_NON_LITERAL_NULL_CONVERSION = YES;
				CLANG_WARN_OBJC_LITERAL_CONVERSION = YES;
				CLANG_WARN_OBJC_ROOT_CLASS = YES_ERROR;
				CLANG_WARN_RANGE_LOOP_ANALYSIS = YES;
				CLANG_WARN_STRICT_PROTOTYPES = YES;
				CLANG_WARN_SUSPICIOUS_MOVE = YES;
				CLANG_WARN_UNGUARDED_AVAILABILITY = YES_AGGRESSIVE;
				CLANG_WARN_UNREACHABLE_CODE = YES;
				CLANG_WARN__DUPLICATE_METHOD_MATCH = YES;
				CODE_SIGN_IDENTITY = "iPhone Developer";
				COPY_PHASE_STRIP = NO;
				DEBUG_INFORMATION_FORMAT = "dwarf-with-dsym";
				ENABLE_NS_ASSERTIONS = NO;
				ENABLE_STRICT_OBJC_MSGSEND = YES;
				GCC_C_LANGUAGE_STANDARD = gnu11;
				GCC_NO_COMMON_BLOCKS = YES;
				GCC_WARN_64_TO_32_BIT_CONVERSION = YES;
				GCC_WARN_ABOUT_RETURN_TYPE = YES_ERROR;
				GCC_WARN_UNDECLARED_SELECTOR = YES;
				GCC_WARN_UNINITIALIZED_AUTOS = YES_AGGRESSIVE;
				GCC_WARN_UNUSED_FUNCTION = YES;
				GCC_WARN_UNUSED_VARIABLE = YES;
				IPHONEOS_DEPLOYMENT_TARGET = 15.0;
				MTL_ENABLE_DEBUG_INFO = NO;
				SDKROOT = iphoneos;
				SWIFT_COMPILATION_MODE = wholemodule;
				SWIFT_OPTIMIZATION_LEVEL = "-O";
				VALIDATE_PRODUCT = YES;
			};
			name = Release;
		};
		504EC3171FED79650016851F /* Debug */ = {
			isa = XCBuildConfiguration;
			baseConfigurationReference = 958DCC722DB07C7200EA8C5F /* debug.xcconfig */;
			buildSettings = {
				ASSETCATALOG_COMPILER_APPICON_NAME = AppIcon;
				CODE_SIGN_STYLE = Automatic;
				CURRENT_PROJECT_VERSION = 1;
				CODE_SIGN_ENTITLEMENTS = App/App.entitlements;
				INFOPLIST_FILE = App/Info.plist;
				IPHONEOS_DEPLOYMENT_TARGET = 15.0;
				LD_RUNPATH_SEARCH_PATHS = (
					"$(inherited)",
					"@executable_path/Frameworks",
				);
				MARKETING_VERSION = 1.0;
				OTHER_SWIFT_FLAGS = "$(inherited) \"-D\" \"COCOAPODS\" \"-DDEBUG\"";
				PRODUCT_BUNDLE_IDENTIFIER = com.clovis.app;
				PRODUCT_NAME = "$(TARGET_NAME)";
				SWIFT_ACTIVE_COMPILATION_CONDITIONS = DEBUG;
				SWIFT_VERSION = 5.0;
				TARGETED_DEVICE_FAMILY = "1,2";
			};
			name = Debug;
		};
		504EC3181FED79650016851F /* Release */ = {
			isa = XCBuildConfiguration;
			buildSettings = {
				ASSETCATALOG_COMPILER_APPICON_NAME = AppIcon;
				CODE_SIGN_STYLE = Automatic;
				CURRENT_PROJECT_VERSION = 1;
				CODE_SIGN_ENTITLEMENTS = App/App.entitlements;
				INFOPLIST_FILE = App/Info.plist;
				IPHONEOS_DEPLOYMENT_TARGET = 15.0;
				LD_RUNPATH_SEARCH_PATHS = (
					"$(inherited)",
					"@executable_path/Frameworks",
				);
				MARKETING_VERSION = 1.0;
				PRODUCT_BUNDLE_IDENTIFIER = com.clovis.app;
				PRODUCT_NAME = "$(TARGET_NAME)";
				SWIFT_ACTIVE_COMPILATION_CONDITIONS = "";
				SWIFT_VERSION = 5.0;
				TARGETED_DEVICE_FAMILY = "1,2";
			};
			name = Release;
		};
/* End XCBuildConfiguration section */

/* Begin XCConfigurationList section */
		504EC2FF1FED79650016851F /* Build configuration list for PBXProject "App" */ = {
			isa = XCConfigurationList;
			buildConfigurations = (
				504EC3141FED79650016851F /* Debug */,
				504EC3151FED79650016851F /* Release */,
			);
			defaultConfigurationIsVisible = 0;
			defaultConfigurationName = Release;
		};
		504EC3161FED79650016851F /* Build configuration list for PBXNativeTarget "App" */ = {
			isa = XCConfigurationList;
			buildConfigurations = (
				504EC3171FED79650016851F /* Debug */,
				504EC3181FED79650016851F /* Release */,
			);
			defaultConfigurationIsVisible = 0;
			defaultConfigurationName = Release;
		};
/* End XCConfigurationList section */

/* Begin XCLocalSwiftPackageReference section */
		D4C12C0A2AAA248700AAC8A2 /* XCLocalSwiftPackageReference "CapApp-SPM" */ = {
			isa = XCLocalSwiftPackageReference;
			relativePath = "CapApp-SPM";
		};
/* End XCLocalSwiftPackageReference section */

/* Begin XCSwiftPackageProductDependency section */
		4D22ABE82AF431CB00220026 /* CapApp-SPM */ = {
			isa = XCSwiftPackageProductDependency;
			package = D4C12C0A2AAA248700AAC8A2 /* XCLocalSwiftPackageReference "CapApp-SPM" */;
			productName = "CapApp-SPM";
		};
/* End XCSwiftPackageProductDependency section */
	};
	rootObject = 504EC2FC1FED79650016851F /* Project object */;
}
